
Microsoft Visual Studio Solution File, Format Version 12.00
# Visual Studio Version 16
VisualStudioVersion = 16.0.34601.136
MinimumVisualStudioVersion = 10.0.40219.1
Project("{FAE04EC0-301F-11D3-BF4B-00C04F79EFBC}") = "DataVox", "DataVox\DataVox.csproj", "{0CA11DEA-207B-4869-B84E-9A4FEB1A542C}"
EndProject
Global
	GlobalSection(SolutionConfigurationPlatforms) = preSolution
		Debug|Any CPU = Debug|Any CPU
		Release|Any CPU = Release|Any CPU
	EndGlobalSection
	GlobalSection(ProjectConfigurationPlatforms) = postSolution
		{0CA11DEA-207B-4869-B84E-9A4FEB1A542C}.Debug|Any CPU.ActiveCfg = Debug|Any CPU
		{0CA11DEA-207B-4869-B84E-9A4FEB1A542C}.Debug|Any CPU.Build.0 = Debug|Any CPU
		{0CA11DEA-207B-4869-B84E-9A4FEB1A542C}.Release|Any CPU.ActiveCfg = Release|Any CPU
		{0CA11DEA-207B-4869-B84E-9A4FEB1A542C}.Release|Any CPU.Build.0 = Release|Any CPU
	EndGlobalSection
	GlobalSection(SolutionProperties) = preSolution
		HideSolutionNode = FALSE
	EndGlobalSection
	GlobalSection(ExtensibilityGlobals) = postSolution
		SolutionGuid = {07F3EA71-5A6B-4FA1-B5DC-C8F982408844}
	EndGlobalSection
EndGlobal
